// !$*UTF8*$!
{
	archiveVersion = 1;
	classes = {
	};
	objectVersion = 77;
	objects = {

/* Begin PBXBuildFile section */
		687854012D85EDB400CA3063 /* TryItOnShare.appex in Embed Foundation Extensions */ = {isa = PBXBuildFile; fileRef = 687853F72D85EDB400CA3063 /* TryItOnShare.appex */; settings = {ATTRIBUTES = (RemoveHeadersOnCopy, ); }; };
		6878546E2D86631100CA3063 /* GoogleSignIn in Frameworks */ = {isa = PBXBuildFile; productRef = 6878546D2D86631100CA3063 /* GoogleSignIn */; };
		687854702D86631100CA3063 /* GoogleSignInSwift in Frameworks */ = {isa = PBXBuildFile; productRef = 6878546F2D86631100CA3063 /* GoogleSignInSwift */; };
		687854812D87853C00CA3063 /* StoreKit.framework in Frameworks */ = {isa = PBXBuildFile; fileRef = 687854802D87853C00CA3063 /* StoreKit.framework */; };
		687854832D8786E900CA3063 /* Subscriptions.storekit in Resources */ = {isa = PBXBuildFile; fileRef = 687854822D8786E900CA3063 /* Subscriptions.storekit */; };
		687854842D8786E900CA3063 /* Subscriptions.storekit in Resources */ = {isa = PBXBuildFile; fileRef = 687854822D8786E900CA3063 /* Subscriptions.storekit */; };
/* End PBXBuildFile section */

/* Begin PBXContainerItemProxy section */
		687853FF2D85EDB400CA3063 /* PBXContainerItemProxy */ = {
			isa = PBXContainerItemProxy;
			containerPortal = 687853B62D85E9F900CA3063 /* Project object */;
			proxyType = 1;
			remoteGlobalIDString = 687853F62D85EDB400CA3063;
			remoteInfo = TryItOnShare;
		};
/* End PBXContainerItemProxy section */

/* Begin PBXCopyFilesBuildPhase section */
		687854062D85EDB400CA3063 /* Embed Foundation Extensions */ = {
			isa = PBXCopyFilesBuildPhase;
			buildActionMask = 2147483647;
			dstPath = "";
			dstSubfolderSpec = 13;
			files = (
				687854012D85EDB400CA3063 /* TryItOnShare.appex in Embed Foundation Extensions */,
			);
			name = "Embed Foundation Extensions";
			runOnlyForDeploymentPostprocessing = 0;
		};
/* End PBXCopyFilesBuildPhase section */

/* Begin PBXFileReference section */
		687853BE2D85E9F900CA3063 /* TryItOn.app */ = {isa = PBXFileReference; explicitFileType = wrapper.application; includeInIndex = 0; path = TryItOn.app; sourceTree = BUILT_PRODUCTS_DIR; };
		687853F72D85EDB400CA3063 /* TryItOnShare.appex */ = {isa = PBXFileReference; explicitFileType = "wrapper.app-extension"; includeInIndex = 0; path = TryItOnShare.appex; sourceTree = BUILT_PRODUCTS_DIR; };
		687854802D87853C00CA3063 /* StoreKit.framework */ = {isa = PBXFileReference; lastKnownFileType = wrapper.framework; name = StoreKit.framework; path = System/Library/Frameworks/StoreKit.framework; sourceTree = SDKROOT; };
		687854822D8786E900CA3063 /* Subscriptions.storekit */ = {isa = PBXFileReference; lastKnownFileType = text; path = Subscriptions.storekit; sourceTree = "<group>"; };
/* End PBXFileReference section */

/* Begin PBXFileSystemSynchronizedBuildFileExceptionSet section */
		687854022D85EDB400CA3063 /* Exceptions for "TryItOnShare" folder in "TryItOnShare" target */ = {
			isa = PBXFileSystemSynchronizedBuildFileExceptionSet;
			membershipExceptions = (
				Info.plist,
			);
			target = 687853F62D85EDB400CA3063 /* TryItOnShare */;
		};
		687854742D8663C100CA3063 /* Exceptions for "TryItOn" folder in "TryItOnShare" target */ = {
			isa = PBXFileSystemSynchronizedBuildFileExceptionSet;
			membershipExceptions = (
				"client_172249664383-g5nivsbi979cl6e9kij2p29a5ag17307.apps.googleusercontent.com.plist",
			);
			target = 687853F62D85EDB400CA3063 /* TryItOnShare */;
		};
		687854762D866D1B00CA3063 /* Exceptions for "TryItOn" folder in "TryItOn" target */ = {
			isa = PBXFileSystemSynchronizedBuildFileExceptionSet;
			membershipExceptions = (
				Info.plist,
			);
			target = 687853BD2D85E9F900CA3063 /* TryItOn */;
		};
/* End PBXFileSystemSynchronizedBuildFileExceptionSet section */

/* Begin PBXFileSystemSynchronizedRootGroup section */
		687853C02D85E9F900CA3063 /* TryItOn */ = {
			isa = PBXFileSystemSynchronizedRootGroup;
			exceptions = (
				687854762D866D1B00CA3063 /* Exceptions for "TryItOn" folder in "TryItOn" target */,
				687854742D8663C100CA3063 /* Exceptions for "TryItOn" folder in "TryItOnShare" target */,
			);
			path = TryItOn;
			sourceTree = "<group>";
		};
		687853F82D85EDB400CA3063 /* TryItOnShare */ = {
			isa = PBXFileSystemSynchronizedRootGroup;
			exceptions = (
				687854022D85EDB400CA3063 /* Exceptions for "TryItOnShare" folder in "TryItOnShare" target */,
			);
			path = TryItOnShare;
			sourceTree = "<group>";
		};
/* End PBXFileSystemSynchronizedRootGroup section */

/* Begin PBXFrameworksBuildPhase section */
		687853BB2D85E9F900CA3063 /* Frameworks */ = {
			isa = PBXFrameworksBuildPhase;
			buildActionMask = 2147483647;
			files = (
				6878546E2D86631100CA3063 /* GoogleSignIn in Frameworks */,
				687854812D87853C00CA3063 /* StoreKit.framework in Frameworks */,
			);
			runOnlyForDeploymentPostprocessing = 0;
		};
		687853F42D85EDB400CA3063 /* Frameworks */ = {
			isa = PBXFrameworksBuildPhase;
			buildActionMask = 2147483647;
			files = (
				687854702D86631100CA3063 /* GoogleSignInSwift in Frameworks */,
			);
			runOnlyForDeploymentPostprocessing = 0;
		};
/* End PBXFrameworksBuildPhase section */

/* Begin PBXGroup section */
		687853B52D85E9F900CA3063 = {
			isa = PBXGroup;
			children = (
				687854822D8786E900CA3063 /* Subscriptions.storekit */,
				687853C02D85E9F900CA3063 /* TryItOn */,
				687853F82D85EDB400CA3063 /* TryItOnShare */,
				6878547F2D87853C00CA3063 /* Frameworks */,
				687853BF2D85E9F900CA3063 /* Products */,
			);
			sourceTree = "<group>";
		};
		687853BF2D85E9F900CA3063 /* Products */ = {
			isa = PBXGroup;
			children = (
				687853BE2D85E9F900CA3063 /* TryItOn.app */,
				687853F72D85EDB400CA3063 /* TryItOnShare.appex */,
			);
			name = Products;
			sourceTree = "<group>";
		};
		6878547F2D87853C00CA3063 /* Frameworks */ = {
			isa = PBXGroup;
			children = (
				687854802D87853C00CA3063 /* StoreKit.framework */,
			);
			name = Frameworks;
			sourceTree = "<group>";
		};
/* End PBXGroup section */

/* Begin PBXNativeTarget section */
		687853BD2D85E9F900CA3063 /* TryItOn */ = {
			isa = PBXNativeTarget;
			buildConfigurationList = 687853CC2D85E9FB00CA3063 /* Build configuration list for PBXNativeTarget "TryItOn" */;
			buildPhases = (
				687853BA2D85E9F900CA3063 /* Sources */,
				687853BB2D85E9F900CA3063 /* Frameworks */,
				687853BC2D85E9F900CA3063 /* Resources */,
				687854062D85EDB400CA3063 /* Embed Foundation Extensions */,
			);
			buildRules = (
			);
			dependencies = (
				687854002D85EDB400CA3063 /* PBXTargetDependency */,
			);
			fileSystemSynchronizedGroups = (
				687853C02D85E9F900CA3063 /* TryItOn */,
			);
			name = TryItOn;
			packageProductDependencies = (
				6878546D2D86631100CA3063 /* GoogleSignIn */,
			);
			productName = TryItOn;
			productReference = 687853BE2D85E9F900CA3063 /* TryItOn.app */;
			productType = "com.apple.product-type.application";
		};
		687853F62D85EDB400CA3063 /* TryItOnShare */ = {
			isa = PBXNativeTarget;
			buildConfigurationList = 687854032D85EDB400CA3063 /* Build configuration list for PBXNativeTarget "TryItOnShare" */;
			buildPhases = (
				687853F32D85EDB400CA3063 /* Sources */,
				687853F42D85EDB400CA3063 /* Frameworks */,
				687853F52D85EDB400CA3063 /* Resources */,
			);
			buildRules = (
			);
			dependencies = (
			);
			fileSystemSynchronizedGroups = (
				687853F82D85EDB400CA3063 /* TryItOnShare */,
			);
			name = TryItOnShare;
			packageProductDependencies = (
				6878546F2D86631100CA3063 /* GoogleSignInSwift */,
			);
			productName = TryItOnShare;
			productReference = 687853F72D85EDB400CA3063 /* TryItOnShare.appex */;
			productType = "com.apple.product-type.app-extension";
		};
/* End PBXNativeTarget section */

/* Begin PBXProject section */
		687853B62D85E9F900CA3063 /* Project object */ = {
			isa = PBXProject;
			attributes = {
				BuildIndependentTargetsInParallel = 1;
				LastSwiftUpdateCheck = 1620;
				LastUpgradeCheck = 1620;
				TargetAttributes = {
					687853BD2D85E9F900CA3063 = {
						CreatedOnToolsVersion = 16.2;
					};
					687853F62D85EDB400CA3063 = {
						CreatedOnToolsVersion = 16.2;
					};
				};
			};
			buildConfigurationList = 687853B92D85E9F900CA3063 /* Build configuration list for PBXProject "TryItOn" */;
			developmentRegion = en;
			hasScannedForEncodings = 0;
			knownRegions = (
				en,
				Base,
			);
			mainGroup = 687853B52D85E9F900CA3063;
			minimizedProjectReferenceProxies = 1;
			packageReferences = (
				6878546C2D86631100CA3063 /* XCRemoteSwiftPackageReference "GoogleSignIn-iOS" */,
			);
			preferredProjectObjectVersion = 77;
			productRefGroup = 687853BF2D85E9F900CA3063 /* Products */;
			projectDirPath = "";
			projectRoot = "";
			targets = (
				687853BD2D85E9F900CA3063 /* TryItOn */,
				687853F62D85EDB400CA3063 /* TryItOnShare */,
			);
		};
/* End PBXProject section */

/* Begin PBXResourcesBuildPhase section */
		687853BC2D85E9F900CA3063 /* Resources */ = {
			isa = PBXResourcesBuildPhase;
			buildActionMask = 2147483647;
			files = (
				687854832D8786E900CA3063 /* Subscriptions.storekit in Resources */,
			);
			runOnlyForDeploymentPostprocessing = 0;
		};
		687853F52D85EDB400CA3063 /* Resources */ = {
			isa = PBXResourcesBuildPhase;
			buildActionMask = 2147483647;
			files = (
				687854842D8786E900CA3063 /* Subscriptions.storekit in Resources */,
			);
			runOnlyForDeploymentPostprocessing = 0;
		};
/* End PBXResourcesBuildPhase section */

/* Begin PBXSourcesBuildPhase section */
		687853BA2D85E9F900CA3063 /* Sources */ = {
			isa = PBXSourcesBuildPhase;
			buildActionMask = 2147483647;
			files = (
			);
			runOnlyForDeploymentPostprocessing = 0;
		};
		687853F32D85EDB400CA3063 /* Sources */ = {
			isa = PBXSourcesBuildPhase;
			buildActionMask = 2147483647;
			files = (
			);
			runOnlyForDeploymentPostprocessing = 0;
		};
/* End PBXSourcesBuildPhase section */

/* Begin PBXTargetDependency section */
		687854002D85EDB400CA3063 /* PBXTargetDependency */ = {
			isa = PBXTargetDependency;
			target = 687853F62D85EDB400CA3063 /* TryItOnShare */;
			targetProxy = 687853FF2D85EDB400CA3063 /* PBXContainerItemProxy */;
		};
/* End PBXTargetDependency section */

/* Begin XCBuildConfiguration section */
		687853CA2D85E9FB00CA3063 /* Debug */ = {
			isa = XCBuildConfiguration;
			buildSettings = {
				ALWAYS_SEARCH_USER_PATHS = NO;
				ASSETCATALOG_COMPILER_GENERATE_SWIFT_ASSET_SYMBOL_EXTENSIONS = YES;
				CLANG_ANALYZER_NONNULL = YES;
				CLANG_ANALYZER_NUMBER_OBJECT_CONVERSION = YES_AGGRESSIVE;
				CLANG_CXX_LANGUAGE_STANDARD = "gnu++20";
				CLANG_ENABLE_MODULES = YES;
				CLANG_ENABLE_OBJC_ARC = YES;
				CLANG_ENABLE_OBJC_WEAK = YES;
				CLANG_WARN_BLOCK_CAPTURE_AUTORELEASING = YES;
				CLANG_WARN_BOOL_CONVERSION = YES;
				CLANG_WARN_COMMA = YES;
				CLANG_WARN_CONSTANT_CONVERSION = YES;
				CLANG_WARN_DEPRECATED_OBJC_IMPLEMENTATIONS = YES;
				CLANG_WARN_DIRECT_OBJC_ISA_USAGE = YES_ERROR;
				CLANG_WARN_DOCUMENTATION_COMMENTS = YES;
				CLANG_WARN_EMPTY_BODY = YES;
				CLANG_WARN_ENUM_CONVERSION = YES;
				CLANG_WARN_INFINITE_RECURSION = YES;
				CLANG_WARN_INT_CONVERSION = YES;
				CLANG_WARN_NON_LITERAL_NULL_CONVERSION = YES;
				CLANG_WARN_OBJC_IMPLICIT_RETAIN_SELF = YES;
				CLANG_WARN_OBJC_LITERAL_CONVERSION = YES;
				CLANG_WARN_OBJC_ROOT_CLASS = YES_ERROR;
				CLANG_WARN_QUOTED_INCLUDE_IN_FRAMEWORK_HEADER = YES;
				CLANG_WARN_RANGE_LOOP_ANALYSIS = YES;
				CLANG_WARN_STRICT_PROTOTYPES = YES;
				CLANG_WARN_SUSPICIOUS_MOVE = YES;
				CLANG_WARN_UNGUARDED_AVAILABILITY = YES_AGGRESSIVE;
				CLANG_WARN_UNREACHABLE_CODE = YES;
				CLANG_WARN__DUPLICATE_METHOD_MATCH = YES;
				COPY_PHASE_STRIP = NO;
				DEBUG_INFORMATION_FORMAT = dwarf;
				ENABLE_STRICT_OBJC_MSGSEND = YES;
				ENABLE_TESTABILITY = YES;
				ENABLE_USER_SCRIPT_SANDBOXING = YES;
				GCC_C_LANGUAGE_STANDARD = gnu17;
				GCC_DYNAMIC_NO_PIC = NO;
				GCC_NO_COMMON_BLOCKS = YES;
				GCC_OPTIMIZATION_LEVEL = 0;
				GCC_PREPROCESSOR_DEFINITIONS = (
					"DEBUG=1",
					"$(inherited)",
				);
				GCC_WARN_64_TO_32_BIT_CONVERSION = YES;
				GCC_WARN_ABOUT_RETURN_TYPE = YES_ERROR;
				GCC_WARN_UNDECLARED_SELECTOR = YES;
				GCC_WARN_UNINITIALIZED_AUTOS = YES_AGGRESSIVE;
				GCC_WARN_UNUSED_FUNCTION = YES;
				GCC_WARN_UNUSED_VARIABLE = YES;
				IPHONEOS_DEPLOYMENT_TARGET = 18.2;
				LOCALIZATION_PREFERS_STRING_CATALOGS = YES;
				MTL_ENABLE_DEBUG_INFO = INCLUDE_SOURCE;
				MTL_FAST_MATH = YES;
				ONLY_ACTIVE_ARCH = YES;
				SDKROOT = iphoneos;
				SWIFT_ACTIVE_COMPILATION_CONDITIONS = "DEBUG $(inherited)";
				SWIFT_OPTIMIZATION_LEVEL = "-Onone";
			};
			name = Debug;
		};
		687853CB2D85E9FB00CA3063 /* Release */ = {
			isa = XCBuildConfiguration;
			buildSettings = {
				ALWAYS_SEARCH_USER_PATHS = NO;
				ASSETCATALOG_COMPILER_GENERATE_SWIFT_ASSET_SYMBOL_EXTENSIONS = YES;
				CLANG_ANALYZER_NONNULL = YES;
				CLANG_ANALYZER_NUMBER_OBJECT_CONVERSION = YES_AGGRESSIVE;
				CLANG_CXX_LANGUAGE_STANDARD = "gnu++20";
				CLANG_ENABLE_MODULES = YES;
				CLANG_ENABLE_OBJC_ARC = YES;
				CLANG_ENABLE_OBJC_WEAK = YES;
				CLANG_WARN_BLOCK_CAPTURE_AUTORELEASING = YES;
				CLANG_WARN_BOOL_CONVERSION = YES;
				CLANG_WARN_COMMA = YES;
				CLANG_WARN_CONSTANT_CONVERSION = YES;
				CLANG_WARN_DEPRECATED_OBJC_IMPLEMENTATIONS = YES;
				CLANG_WARN_DIRECT_OBJC_ISA_USAGE = YES_ERROR;
				CLANG_WARN_DOCUMENTATION_COMMENTS = YES;
				CLANG_WARN_EMPTY_BODY = YES;
				CLANG_WARN_ENUM_CONVERSION = YES;
				CLANG_WARN_INFINITE_RECURSION = YES;
				CLANG_WARN_INT_CONVERSION = YES;
				CLANG_WARN_NON_LITERAL_NULL_CONVERSION = YES;
				CLANG_WARN_OBJC_IMPLICIT_RETAIN_SELF = YES;
				CLANG_WARN_OBJC_LITERAL_CONVERSION = YES;
				CLANG_WARN_OBJC_ROOT_CLASS = YES_ERROR;
				CLANG_WARN_QUOTED_INCLUDE_IN_FRAMEWORK_HEADER = YES;
				CLANG_WARN_RANGE_LOOP_ANALYSIS = YES;
				CLANG_WARN_STRICT_PROTOTYPES = YES;
				CLANG_WARN_SUSPICIOUS_MOVE = YES;
				CLANG_WARN_UNGUARDED_AVAILABILITY = YES_AGGRESSIVE;
				CLANG_WARN_UNREACHABLE_CODE = YES;
				CLANG_WARN__DUPLICATE_METHOD_MATCH = YES;
				COPY_PHASE_STRIP = NO;
				DEBUG_INFORMATION_FORMAT = "dwarf-with-dsym";
				ENABLE_NS_ASSERTIONS = NO;
				ENABLE_STRICT_OBJC_MSGSEND = YES;
				ENABLE_USER_SCRIPT_SANDBOXING = YES;
				GCC_C_LANGUAGE_STANDARD = gnu17;
				GCC_NO_COMMON_BLOCKS = YES;
				GCC_WARN_64_TO_32_BIT_CONVERSION = YES;
				GCC_WARN_ABOUT_RETURN_TYPE = YES_ERROR;
				GCC_WARN_UNDECLARED_SELECTOR = YES;
				GCC_WARN_UNINITIALIZED_AUTOS = YES_AGGRESSIVE;
				GCC_WARN_UNUSED_FUNCTION = YES;
				GCC_WARN_UNUSED_VARIABLE = YES;
				IPHONEOS_DEPLOYMENT_TARGET = 18.2;
				LOCALIZATION_PREFERS_STRING_CATALOGS = YES;
				MTL_ENABLE_DEBUG_INFO = NO;
				MTL_FAST_MATH = YES;
				SDKROOT = iphoneos;
				SWIFT_COMPILATION_MODE = wholemodule;
				VALIDATE_PRODUCT = YES;
			};
			name = Release;
		};
		687853CD2D85E9FB00CA3063 /* Debug */ = {
			isa = XCBuildConfiguration;
			buildSettings = {
				ASSETCATALOG_COMPILER_APPICON_NAME = AppIcon;
				ASSETCATALOG_COMPILER_GLOBAL_ACCENT_COLOR_NAME = AccentColor;
				CODE_SIGN_ENTITLEMENTS = TryItOn/TryItOn.entitlements;
				CODE_SIGN_STYLE = Automatic;
				CURRENT_PROJECT_VERSION = 1;
				DEVELOPMENT_ASSET_PATHS = "\"TryItOn/Preview Content\"";
				DEVELOPMENT_TEAM = MS7857L94F;
				ENABLE_PREVIEWS = YES;
				GENERATE_INFOPLIST_FILE = YES;
				INFOPLIST_FILE = TryItOn/Info.plist;
				INFOPLIST_KEY_LSApplicationCategoryType = "";
				INFOPLIST_KEY_NSPhotoLibraryAddUsageDescription = "TryItOn needs permission to save try-on images to your photo library.";
				INFOPLIST_KEY_UIApplicationSceneManifest_Generation = YES;
				INFOPLIST_KEY_UIApplicationSupportsIndirectInputEvents = YES;
				INFOPLIST_KEY_UILaunchScreen_Generation = YES;
				INFOPLIST_KEY_UISupportedInterfaceOrientations_iPad = "UIInterfaceOrientationPortrait UIInterfaceOrientationPortraitUpsideDown UIInterfaceOrientationLandscapeLeft UIInterfaceOrientationLandscapeRight";
				INFOPLIST_KEY_UISupportedInterfaceOrientations_iPhone = "UIInterfaceOrientationPortrait UIInterfaceOrientationLandscapeLeft UIInterfaceOrientationLandscapeRight";
				LD_RUNPATH_SEARCH_PATHS = (
					"$(inherited)",
					"@executable_path/Frameworks",
				);
				MARKETING_VERSION = 1.0;
				PRODUCT_BUNDLE_IDENTIFIER = neocore.TryItOn;
				PRODUCT_NAME = "$(TARGET_NAME)";
				SWIFT_EMIT_LOC_STRINGS = YES;
				SWIFT_VERSION = 5.0;
				TARGETED_DEVICE_FAMILY = "1,2";
			};
			name = Debug;
		};
		687853CE2D85E9FB00CA3063 /* Release */ = {
			isa = XCBuildConfiguration;
			buildSettings = {
				ASSETCATALOG_COMPILER_APPICON_NAME = AppIcon;
				ASSETCATALOG_COMPILER_GLOBAL_ACCENT_COLOR_NAME = AccentColor;
				CODE_SIGN_ENTITLEMENTS = TryItOn/TryItOn.entitlements;
				CODE_SIGN_STYLE = Automatic;
				CURRENT_PROJECT_VERSION = 1;
				DEVELOPMENT_ASSET_PATHS = "\"TryItOn/Preview Content\"";
				DEVELOPMENT_TEAM = MS7857L94F;
				ENABLE_PREVIEWS = YES;
				GENERATE_INFOPLIST_FILE = YES;
				INFOPLIST_FILE = TryItOn/Info.plist;
				INFOPLIST_KEY_LSApplicationCategoryType = "";
				INFOPLIST_KEY_NSPhotoLibraryAddUsageDescription = "TryItOn needs permission to save try-on images to your photo library.";
				INFOPLIST_KEY_UIApplicationSceneManifest_Generation = YES;
				INFOPLIST_KEY_UIApplicationSupportsIndirectInputEvents = YES;
				INFOPLIST_KEY_UILaunchScreen_Generation = YES;
				INFOPLIST_KEY_UISupportedInterfaceOrientations_iPad = "UIInterfaceOrientationPortrait UIInterfaceOrientationPortraitUpsideDown UIInterfaceOrientationLandscapeLeft UIInterfaceOrientationLandscapeRight";
				INFOPLIST_KEY_UISupportedInterfaceOrientations_iPhone = "UIInterfaceOrientationPortrait UIInterfaceOrientationLandscapeLeft UIInterfaceOrientationLandscapeRight";
				LD_RUNPATH_SEARCH_PATHS = (
					"$(inherited)",
					"@executable_path/Frameworks",
				);
				MARKETING_VERSION = 1.0;
				PRODUCT_BUNDLE_IDENTIFIER = neocore.TryItOn;
				PRODUCT_NAME = "$(TARGET_NAME)";
				SWIFT_EMIT_LOC_STRINGS = YES;
				SWIFT_VERSION = 5.0;
				TARGETED_DEVICE_FAMILY = "1,2";
			};
			name = Release;
		};
		687854042D85EDB400CA3063 /* Debug */ = {
			isa = XCBuildConfiguration;
			buildSettings = {
				CODE_SIGN_ENTITLEMENTS = TryItOnShare/TryItOnShare.entitlements;
				CODE_SIGN_STYLE = Automatic;
				CURRENT_PROJECT_VERSION = 1;
				DEVELOPMENT_TEAM = MS7857L94F;
				GENERATE_INFOPLIST_FILE = YES;
				INFOPLIST_FILE = TryItOnShare/Info.plist;
				INFOPLIST_KEY_CFBundleDisplayName = TryItOnShare;
				INFOPLIST_KEY_NSHumanReadableCopyright = "";
				LD_RUNPATH_SEARCH_PATHS = (
					"$(inherited)",
					"@executable_path/Frameworks",
					"@executable_path/../../Frameworks",
				);
				MARKETING_VERSION = 1.0;
				PRODUCT_BUNDLE_IDENTIFIER = neocore.TryItOn.TryItOnShare;
				PRODUCT_NAME = "$(TARGET_NAME)";
				SKIP_INSTALL = YES;
				SWIFT_EMIT_LOC_STRINGS = YES;
				SWIFT_VERSION = 5.0;
				TARGETED_DEVICE_FAMILY = "1,2";
			};
			name = Debug;
		};
		687854052D85EDB400CA3063 /* Release */ = {
			isa = XCBuildConfiguration;
			buildSettings = {
				CODE_SIGN_ENTITLEMENTS = TryItOnShare/TryItOnShare.entitlements;
				CODE_SIGN_STYLE = Automatic;
				CURRENT_PROJECT_VERSION = 1;
				DEVELOPMENT_TEAM = MS7857L94F;
				GENERATE_INFOPLIST_FILE = YES;
				INFOPLIST_FILE = TryItOnShare/Info.plist;
				INFOPLIST_KEY_CFBundleDisplayName = TryItOnShare;
				INFOPLIST_KEY_NSHumanReadableCopyright = "";
				LD_RUNPATH_SEARCH_PATHS = (
					"$(inherited)",
					"@executable_path/Frameworks",
					"@executable_path/../../Frameworks",
				);
				MARKETING_VERSION = 1.0;
				PRODUCT_BUNDLE_IDENTIFIER = neocore.TryItOn.TryItOnShare;
				PRODUCT_NAME = "$(TARGET_NAME)";
				SKIP_INSTALL = YES;
				SWIFT_EMIT_LOC_STRINGS = YES;
				SWIFT_VERSION = 5.0;
				TARGETED_DEVICE_FAMILY = "1,2";
			};
			name = Release;
		};
/* End XCBuildConfiguration section */

/* Begin XCConfigurationList section */
		687853B92D85E9F900CA3063 /* Build configuration list for PBXProject "TryItOn" */ = {
			isa = XCConfigurationList;
			buildConfigurations = (
				687853CA2D85E9FB00CA3063 /* Debug */,
				687853CB2D85E9FB00CA3063 /* Release */,
			);
			defaultConfigurationIsVisible = 0;
			defaultConfigurationName = Release;
		};
		687853CC2D85E9FB00CA3063 /* Build configuration list for PBXNativeTarget "TryItOn" */ = {
			isa = XCConfigurationList;
			buildConfigurations = (
				687853CD2D85E9FB00CA3063 /* Debug */,
				687853CE2D85E9FB00CA3063 /* Release */,
			);
			defaultConfigurationIsVisible = 0;
			defaultConfigurationName = Release;
		};
		687854032D85EDB400CA3063 /* Build configuration list for PBXNativeTarget "TryItOnShare" */ = {
			isa = XCConfigurationList;
			buildConfigurations = (
				687854042D85EDB400CA3063 /* Debug */,
				687854052D85EDB400CA3063 /* Release */,
			);
			defaultConfigurationIsVisible = 0;
			defaultConfigurationName = Release;
		};
/* End XCConfigurationList section */

/* Begin XCRemoteSwiftPackageReference section */
		6878546C2D86631100CA3063 /* XCRemoteSwiftPackageReference "GoogleSignIn-iOS" */ = {
			isa = XCRemoteSwiftPackageReference;
			repositoryURL = "https://github.com/google/GoogleSignIn-iOS";
			requirement = {
				kind = upToNextMajorVersion;
				minimumVersion = 8.0.0;
			};
		};
/* End XCRemoteSwiftPackageReference section */

/* Begin XCSwiftPackageProductDependency section */
		6878546D2D86631100CA3063 /* GoogleSignIn */ = {
			isa = XCSwiftPackageProductDependency;
			package = 6878546C2D86631100CA3063 /* XCRemoteSwiftPackageReference "GoogleSignIn-iOS" */;
			productName = GoogleSignIn;
		};
		6878546F2D86631100CA3063 /* GoogleSignInSwift */ = {
			isa = XCSwiftPackageProductDependency;
			package = 6878546C2D86631100CA3063 /* XCRemoteSwiftPackageReference "GoogleSignIn-iOS" */;
			productName = GoogleSignInSwift;
		};
/* End XCSwiftPackageProductDependency section */
	};
	rootObject = 687853B62D85E9F900CA3063 /* Project object */;
}
